
Microsoft Visual Studio Solution File, Format Version 12.00
# Visual Studio Version 17
VisualStudioVersion = 17.7.34202.233
MinimumVisualStudioVersion = 10.0.40219.1
Project("{FAE04EC0-301F-11D3-BF4B-00C04F79EFBC}") = "RelatoriosComFastReport", "RelatoriosComFastReport.csproj", "{4E109686-7E53-4D69-A9CA-4C872F92346A}"
EndProject
Global
	GlobalSection(SolutionConfigurationPlatforms) = preSolution
		Debug|Any CPU = Debug|Any CPU
		Release|Any CPU = Release|Any CPU
	EndGlobalSection
	GlobalSection(ProjectConfigurationPlatforms) = postSolution
		{4E109686-7E53-4D69-A9CA-4C872F92346A}.Debug|Any CPU.ActiveCfg = Debug|Any CPU
		{4E109686-7E53-4D69-A9CA-4C872F92346A}.Debug|Any CPU.Build.0 = Debug|Any CPU
		{4E109686-7E53-4D69-A9CA-4C872F92346A}.Release|Any CPU.ActiveCfg = Release|Any CPU
		{4E109686-7E53-4D69-A9CA-4C872F92346A}.Release|Any CPU.Build.0 = Release|Any CPU
	EndGlobalSection
	GlobalSection(SolutionProperties) = preSolution
		HideSolutionNode = FALSE
	EndGlobalSection
	GlobalSection(ExtensibilityGlobals) = postSolution
		SolutionGuid = {AD0B1A5E-C2A6-4779-8624-FDC2F3CFBCFC}
	EndGlobalSection
EndGlobal
